
Microsoft Visual Studio Solution File, Format Version 12.00
# Visual Studio Version 17
VisualStudioVersion = 17.3.32825.248
MinimumVisualStudioVersion = 10.0.40219.1
Project("{FAE04EC0-301F-11D3-BF4B-00C04F79EFBC}") = "ProyectExample", "ProyectExample\ProyectExample.csproj", "{1DC3AF2D-3738-4A94-A92F-0F0B2885FDC1}"
EndProject
Global
	GlobalSection(SolutionConfigurationPlatforms) = preSolution
		Debug|Any CPU = Debug|Any CPU
		Release|Any CPU = Release|Any CPU
	EndGlobalSection
	GlobalSection(ProjectConfigurationPlatforms) = postSolution
		{1DC3AF2D-3738-4A94-A92F-0F0B2885FDC1}.Debug|Any CPU.ActiveCfg = Debug|Any CPU
		{1DC3AF2D-3738-4A94-A92F-0F0B2885FDC1}.Debug|Any CPU.Build.0 = Debug|Any CPU
		{1DC3AF2D-3738-4A94-A92F-0F0B2885FDC1}.Release|Any CPU.ActiveCfg = Release|Any CPU
		{1DC3AF2D-3738-4A94-A92F-0F0B2885FDC1}.Release|Any CPU.Build.0 = Release|Any CPU
	EndGlobalSection
	GlobalSection(SolutionProperties) = preSolution
		HideSolutionNode = FALSE
	EndGlobalSection
	GlobalSection(ExtensibilityGlobals) = postSolution
		SolutionGuid = {DBACBB39-022E-47F5-9041-A7FEF9DE7A7D}
	EndGlobalSection
EndGlobal
